// !$*UTF8*$!
{
	archiveVersion = 1;
	classes = {
	};
	objectVersion = 56;
	objects = {

/* Begin PBXBuildFile section */
		8D31114E296C0959006230D2 /* DetailViewController.swift in Sources */ = {isa = PBXBuildFile; fileRef = 8D31114D296C0959006230D2 /* DetailViewController.swift */; };
		8D35EF2B29CB01C80059198F /* DetailViewModel.swift in Sources */ = {isa = PBXBuildFile; fileRef = 8D35EF2A29CB01C80059198F /* DetailViewModel.swift */; };
		8D35EF2D29CB4C350059198F /* ListViewModel.swift in Sources */ = {isa = PBXBuildFile; fileRef = 8D35EF2C29CB4C350059198F /* ListViewModel.swift */; };
		8D363AC7296802E500638F6A /* CheckdTableViewCell.swift in Sources */ = {isa = PBXBuildFile; fileRef = 8D363AC6296802E500638F6A /* CheckdTableViewCell.swift */; };
		8D363AC9296802F200638F6A /* WishTableViewCell.swift in Sources */ = {isa = PBXBuildFile; fileRef = 8D363AC8296802F200638F6A /* WishTableViewCell.swift */; };
		8D363ACB29681CDD00638F6A /* EditViewController.swift in Sources */ = {isa = PBXBuildFile; fileRef = 8D363ACA29681CDD00638F6A /* EditViewController.swift */; };
		8DDB82512966EABE0038B1EC /* AppDelegate.swift in Sources */ = {isa = PBXBuildFile; fileRef = 8DDB82502966EABE0038B1EC /* AppDelegate.swift */; };
		8DDB82532966EABF0038B1EC /* SceneDelegate.swift in Sources */ = {isa = PBXBuildFile; fileRef = 8DDB82522966EABF0038B1EC /* SceneDelegate.swift */; };
		8DDB82582966EABF0038B1EC /* Main.storyboard in Resources */ = {isa = PBXBuildFile; fileRef = 8DDB82562966EABF0038B1EC /* Main.storyboard */; };
		8DDB825A2966EAC00038B1EC /* Assets.xcassets in Resources */ = {isa = PBXBuildFile; fileRef = 8DDB82592966EAC00038B1EC /* Assets.xcassets */; };
		8DDB825D2966EAC00038B1EC /* LaunchScreen.storyboard in Resources */ = {isa = PBXBuildFile; fileRef = 8DDB825B2966EAC00038B1EC /* LaunchScreen.storyboard */; };
		8DDB82652966EB460038B1EC /* ListViewController.swift in Sources */ = {isa = PBXBuildFile; fileRef = 8DDB82642966EB460038B1EC /* ListViewController.swift */; };
		8DDB826B2967C7910038B1EC /* Info.swift in Sources */ = {isa = PBXBuildFile; fileRef = 8DDB826A2967C7910038B1EC /* Info.swift */; };
/* End PBXBuildFile section */

/* Begin PBXFileReference section */
		8D31114D296C0959006230D2 /* DetailViewController.swift */ = {isa = PBXFileReference; lastKnownFileType = sourcecode.swift; path = DetailViewController.swift; sourceTree = "<group>"; };
		8D35EF2A29CB01C80059198F /* DetailViewModel.swift */ = {isa = PBXFileReference; lastKnownFileType = sourcecode.swift; path = DetailViewModel.swift; sourceTree = "<group>"; };
		8D35EF2C29CB4C350059198F /* ListViewModel.swift */ = {isa = PBXFileReference; lastKnownFileType = sourcecode.swift; path = ListViewModel.swift; sourceTree = "<group>"; };
		8D363AC6296802E500638F6A /* CheckdTableViewCell.swift */ = {isa = PBXFileReference; lastKnownFileType = sourcecode.swift; path = CheckdTableViewCell.swift; sourceTree = "<group>"; };
		8D363AC8296802F200638F6A /* WishTableViewCell.swift */ = {isa = PBXFileReference; lastKnownFileType = sourcecode.swift; path = WishTableViewCell.swift; sourceTree = "<group>"; };
		8D363ACA29681CDD00638F6A /* EditViewController.swift */ = {isa = PBXFileReference; lastKnownFileType = sourcecode.swift; path = EditViewController.swift; sourceTree = "<group>"; };
		8DDB824D2966EABE0038B1EC /* foodieList.app */ = {isa = PBXFileReference; explicitFileType = wrapper.application; includeInIndex = 0; path = foodieList.app; sourceTree = BUILT_PRODUCTS_DIR; };
		8DDB82502966EABE0038B1EC /* AppDelegate.swift */ = {isa = PBXFileReference; lastKnownFileType = sourcecode.swift; path = AppDelegate.swift; sourceTree = "<group>"; };
		8DDB82522966EABF0038B1EC /* SceneDelegate.swift */ = {isa = PBXFileReference; lastKnownFileType = sourcecode.swift; path = SceneDelegate.swift; sourceTree = "<group>"; };
		8DDB82572966EABF0038B1EC /* Base */ = {isa = PBXFileReference; lastKnownFileType = file.storyboard; name = Base; path = Base.lproj/Main.storyboard; sourceTree = "<group>"; };
		8DDB82592966EAC00038B1EC /* Assets.xcassets */ = {isa = PBXFileReference; lastKnownFileType = folder.assetcatalog; path = Assets.xcassets; sourceTree = "<group>"; };
		8DDB825C2966EAC00038B1EC /* Base */ = {isa = PBXFileReference; lastKnownFileType = file.storyboard; name = Base; path = Base.lproj/LaunchScreen.storyboard; sourceTree = "<group>"; };
		8DDB825E2966EAC00038B1EC /* Info.plist */ = {isa = PBXFileReference; lastKnownFileType = text.plist.xml; path = Info.plist; sourceTree = "<group>"; };
		8DDB82642966EB460038B1EC /* ListViewController.swift */ = {isa = PBXFileReference; lastKnownFileType = sourcecode.swift; path = ListViewController.swift; sourceTree = "<group>"; };
		8DDB826A2967C7910038B1EC /* Info.swift */ = {isa = PBXFileReference; lastKnownFileType = sourcecode.swift; path = Info.swift; sourceTree = "<group>"; };
/* End PBXFileReference section */

/* Begin PBXFrameworksBuildPhase section */
		8DDB824A2966EABE0038B1EC /* Frameworks */ = {
			isa = PBXFrameworksBuildPhase;
			buildActionMask = 2147483647;
			files = (
			);
			runOnlyForDeploymentPostprocessing = 0;
		};
/* End PBXFrameworksBuildPhase section */

/* Begin PBXGroup section */
		8D35EF6029CC6C8B0059198F /* ViewModel */ = {
			isa = PBXGroup;
			children = (
				8D35EF2C29CB4C350059198F /* ListViewModel.swift */,
				8D35EF2A29CB01C80059198F /* DetailViewModel.swift */,
			);
			name = ViewModel;
			path = ..;
			sourceTree = "<group>";
		};
		8D712AE429706947001A9E68 /* Controller */ = {
			isa = PBXGroup;
			children = (
				8DDB82642966EB460038B1EC /* ListViewController.swift */,
				8D363ACA29681CDD00638F6A /* EditViewController.swift */,
				8D31114D296C0959006230D2 /* DetailViewController.swift */,
			);
			path = Controller;
			sourceTree = "<group>";
		};
		8D712AE529706972001A9E68 /* View */ = {
			isa = PBXGroup;
			children = (
				8D363AC6296802E500638F6A /* CheckdTableViewCell.swift */,
				8D363AC8296802F200638F6A /* WishTableViewCell.swift */,
			);
			path = View;
			sourceTree = "<group>";
		};
		8D712AE629706981001A9E68 /* Method */ = {
			isa = PBXGroup;
			children = (
				8DDB826A2967C7910038B1EC /* Info.swift */,
			);
			path = Method;
			sourceTree = "<group>";
		};
		8DDB82442966EABE0038B1EC = {
			isa = PBXGroup;
			children = (
				8DDB824F2966EABE0038B1EC /* foodieList */,
				8DDB824E2966EABE0038B1EC /* Products */,
			);
			sourceTree = "<group>";
		};
		8DDB824E2966EABE0038B1EC /* Products */ = {
			isa = PBXGroup;
			children = (
				8DDB824D2966EABE0038B1EC /* foodieList.app */,
			);
			name = Products;
			sourceTree = "<group>";
		};
		8DDB824F2966EABE0038B1EC /* foodieList */ = {
			isa = PBXGroup;
			children = (
				8D35EF6029CC6C8B0059198F /* ViewModel */,
				8D712AE629706981001A9E68 /* Method */,
				8D712AE529706972001A9E68 /* View */,
				8D712AE429706947001A9E68 /* Controller */,
				8DDB82502966EABE0038B1EC /* AppDelegate.swift */,
				8DDB82522966EABF0038B1EC /* SceneDelegate.swift */,
				8DDB82562966EABF0038B1EC /* Main.storyboard */,
				8DDB82592966EAC00038B1EC /* Assets.xcassets */,
				8DDB825B2966EAC00038B1EC /* LaunchScreen.storyboard */,
				8DDB825E2966EAC00038B1EC /* Info.plist */,
			);
			path = foodieList;
			sourceTree = "<group>";
		};
/* End PBXGroup section */

/* Begin PBXNativeTarget section */
		8DDB824C2966EABE0038B1EC /* foodieList */ = {
			isa = PBXNativeTarget;
			buildConfigurationList = 8DDB82612966EAC00038B1EC /* Build configuration list for PBXNativeTarget "foodieList" */;
			buildPhases = (
				8DDB82492966EABE0038B1EC /* Sources */,
				8DDB824A2966EABE0038B1EC /* Frameworks */,
				8DDB824B2966EABE0038B1EC /* Resources */,
			);
			buildRules = (
			);
			dependencies = (
			);
			name = foodieList;
			productName = foodieList;
			productReference = 8DDB824D2966EABE0038B1EC /* foodieList.app */;
			productType = "com.apple.product-type.application";
		};
/* End PBXNativeTarget section */

/* Begin PBXProject section */
		8DDB82452966EABE0038B1EC /* Project object */ = {
			isa = PBXProject;
			attributes = {
				BuildIndependentTargetsInParallel = 1;
				LastSwiftUpdateCheck = 1420;
				LastUpgradeCheck = 1420;
				TargetAttributes = {
					8DDB824C2966EABE0038B1EC = {
						CreatedOnToolsVersion = 14.2;
					};
				};
			};
			buildConfigurationList = 8DDB82482966EABE0038B1EC /* Build configuration list for PBXProject "foodieList" */;
			compatibilityVersion = "Xcode 14.0";
			developmentRegion = en;
			hasScannedForEncodings = 0;
			knownRegions = (
				en,
				Base,
			);
			mainGroup = 8DDB82442966EABE0038B1EC;
			productRefGroup = 8DDB824E2966EABE0038B1EC /* Products */;
			projectDirPath = "";
			projectRoot = "";
			targets = (
				8DDB824C2966EABE0038B1EC /* foodieList */,
			);
		};
/* End PBXProject section */

/* Begin PBXResourcesBuildPhase section */
		8DDB824B2966EABE0038B1EC /* Resources */ = {
			isa = PBXResourcesBuildPhase;
			buildActionMask = 2147483647;
			files = (
				8DDB825D2966EAC00038B1EC /* LaunchScreen.storyboard in Resources */,
				8DDB825A2966EAC00038B1EC /* Assets.xcassets in Resources */,
				8DDB82582966EABF0038B1EC /* Main.storyboard in Resources */,
			);
			runOnlyForDeploymentPostprocessing = 0;
		};
/* End PBXResourcesBuildPhase section */

/* Begin PBXSourcesBuildPhase section */
		8DDB82492966EABE0038B1EC /* Sources */ = {
			isa = PBXSourcesBuildPhase;
			buildActionMask = 2147483647;
			files = (
				8D35EF2D29CB4C350059198F /* ListViewModel.swift in Sources */,
				8D363AC9296802F200638F6A /* WishTableViewCell.swift in Sources */,
				8DDB82512966EABE0038B1EC /* AppDelegate.swift in Sources */,
				8D363AC7296802E500638F6A /* CheckdTableViewCell.swift in Sources */,
				8DDB82532966EABF0038B1EC /* SceneDelegate.swift in Sources */,
				8D35EF2B29CB01C80059198F /* DetailViewModel.swift in Sources */,
				8DDB826B2967C7910038B1EC /* Info.swift in Sources */,
				8DDB82652966EB460038B1EC /* ListViewController.swift in Sources */,
				8D363ACB29681CDD00638F6A /* EditViewController.swift in Sources */,
				8D31114E296C0959006230D2 /* DetailViewController.swift in Sources */,
			);
			runOnlyForDeploymentPostprocessing = 0;
		};
/* End PBXSourcesBuildPhase section */

/* Begin PBXVariantGroup section */
		8DDB82562966EABF0038B1EC /* Main.storyboard */ = {
			isa = PBXVariantGroup;
			children = (
				8DDB82572966EABF0038B1EC /* Base */,
			);
			name = Main.storyboard;
			sourceTree = "<group>";
		};
		8DDB825B2966EAC00038B1EC /* LaunchScreen.storyboard */ = {
			isa = PBXVariantGroup;
			children = (
				8DDB825C2966EAC00038B1EC /* Base */,
			);
			name = LaunchScreen.storyboard;
			sourceTree = "<group>";
		};
/* End PBXVariantGroup section */

/* Begin XCBuildConfiguration section */
		8DDB825F2966EAC00038B1EC /* Debug */ = {
			isa = XCBuildConfiguration;
			buildSettings = {
				ALWAYS_SEARCH_USER_PATHS = NO;
				CLANG_ANALYZER_NONNULL = YES;
				CLANG_ANALYZER_NUMBER_OBJECT_CONVERSION = YES_AGGRESSIVE;
				CLANG_CXX_LANGUAGE_STANDARD = "gnu++20";
				CLANG_ENABLE_MODULES = YES;
				CLANG_ENABLE_OBJC_ARC = YES;
				CLANG_ENABLE_OBJC_WEAK = YES;
				CLANG_WARN_BLOCK_CAPTURE_AUTORELEASING = YES;
				CLANG_WARN_BOOL_CONVERSION = YES;
				CLANG_WARN_COMMA = YES;
				CLANG_WARN_CONSTANT_CONVERSION = YES;
				CLANG_WARN_DEPRECATED_OBJC_IMPLEMENTATIONS = YES;
				CLANG_WARN_DIRECT_OBJC_ISA_USAGE = YES_ERROR;
				CLANG_WARN_DOCUMENTATION_COMMENTS = YES;
				CLANG_WARN_EMPTY_BODY = YES;
				CLANG_WARN_ENUM_CONVERSION = YES;
				CLANG_WARN_INFINITE_RECURSION = YES;
				CLANG_WARN_INT_CONVERSION = YES;
				CLANG_WARN_NON_LITERAL_NULL_CONVERSION = YES;
				CLANG_WARN_OBJC_IMPLICIT_RETAIN_SELF = YES;
				CLANG_WARN_OBJC_LITERAL_CONVERSION = YES;
				CLANG_WARN_OBJC_ROOT_CLASS = YES_ERROR;
				CLANG_WARN_QUOTED_INCLUDE_IN_FRAMEWORK_HEADER = YES;
				CLANG_WARN_RANGE_LOOP_ANALYSIS = YES;
				CLANG_WARN_STRICT_PROTOTYPES = YES;
				CLANG_WARN_SUSPICIOUS_MOVE = YES;
				CLANG_WARN_UNGUARDED_AVAILABILITY = YES_AGGRESSIVE;
				CLANG_WARN_UNREACHABLE_CODE = YES;
				CLANG_WARN__DUPLICATE_METHOD_MATCH = YES;
				COPY_PHASE_STRIP = NO;
				DEBUG_INFORMATION_FORMAT = dwarf;
				ENABLE_STRICT_OBJC_MSGSEND = YES;
				ENABLE_TESTABILITY = YES;
				GCC_C_LANGUAGE_STANDARD = gnu11;
				GCC_DYNAMIC_NO_PIC = NO;
				GCC_NO_COMMON_BLOCKS = YES;
				GCC_OPTIMIZATION_LEVEL = 0;
				GCC_PREPROCESSOR_DEFINITIONS = (
					"DEBUG=1",
					"$(inherited)",
				);
				GCC_WARN_64_TO_32_BIT_CONVERSION = YES;
				GCC_WARN_ABOUT_RETURN_TYPE = YES_ERROR;
				GCC_WARN_UNDECLARED_SELECTOR = YES;
				GCC_WARN_UNINITIALIZED_AUTOS = YES_AGGRESSIVE;
				GCC_WARN_UNUSED_FUNCTION = YES;
				GCC_WARN_UNUSED_VARIABLE = YES;
				IPHONEOS_DEPLOYMENT_TARGET = 15.2;
				MTL_ENABLE_DEBUG_INFO = INCLUDE_SOURCE;
				MTL_FAST_MATH = YES;
				ONLY_ACTIVE_ARCH = YES;
				SDKROOT = iphoneos;
				SWIFT_ACTIVE_COMPILATION_CONDITIONS = DEBUG;
				SWIFT_OPTIMIZATION_LEVEL = "-Onone";
			};
			name = Debug;
		};
		8DDB82602966EAC00038B1EC /* Release */ = {
			isa = XCBuildConfiguration;
			buildSettings = {
				ALWAYS_SEARCH_USER_PATHS = NO;
				CLANG_ANALYZER_NONNULL = YES;
				CLANG_ANALYZER_NUMBER_OBJECT_CONVERSION = YES_AGGRESSIVE;
				CLANG_CXX_LANGUAGE_STANDARD = "gnu++20";
				CLANG_ENABLE_MODULES = YES;
				CLANG_ENABLE_OBJC_ARC = YES;
				CLANG_ENABLE_OBJC_WEAK = YES;
				CLANG_WARN_BLOCK_CAPTURE_AUTORELEASING = YES;
				CLANG_WARN_BOOL_CONVERSION = YES;
				CLANG_WARN_COMMA = YES;
				CLANG_WARN_CONSTANT_CONVERSION = YES;
				CLANG_WARN_DEPRECATED_OBJC_IMPLEMENTATIONS = YES;
				CLANG_WARN_DIRECT_OBJC_ISA_USAGE = YES_ERROR;
				CLANG_WARN_DOCUMENTATION_COMMENTS = YES;
				CLANG_WARN_EMPTY_BODY = YES;
				CLANG_WARN_ENUM_CONVERSION = YES;
				CLANG_WARN_INFINITE_RECURSION = YES;
				CLANG_WARN_INT_CONVERSION = YES;
				CLANG_WARN_NON_LITERAL_NULL_CONVERSION = YES;
				CLANG_WARN_OBJC_IMPLICIT_RETAIN_SELF = YES;
				CLANG_WARN_OBJC_LITERAL_CONVERSION = YES;
				CLANG_WARN_OBJC_ROOT_CLASS = YES_ERROR;
				CLANG_WARN_QUOTED_INCLUDE_IN_FRAMEWORK_HEADER = YES;
				CLANG_WARN_RANGE_LOOP_ANALYSIS = YES;
				CLANG_WARN_STRICT_PROTOTYPES = YES;
				CLANG_WARN_SUSPICIOUS_MOVE = YES;
				CLANG_WARN_UNGUARDED_AVAILABILITY = YES_AGGRESSIVE;
				CLANG_WARN_UNREACHABLE_CODE = YES;
				CLANG_WARN__DUPLICATE_METHOD_MATCH = YES;
				COPY_PHASE_STRIP = NO;
				DEBUG_INFORMATION_FORMAT = "dwarf-with-dsym";
				ENABLE_NS_ASSERTIONS = NO;
				ENABLE_STRICT_OBJC_MSGSEND = YES;
				GCC_C_LANGUAGE_STANDARD = gnu11;
				GCC_NO_COMMON_BLOCKS = YES;
				GCC_WARN_64_TO_32_BIT_CONVERSION = YES;
				GCC_WARN_ABOUT_RETURN_TYPE = YES_ERROR;
				GCC_WARN_UNDECLARED_SELECTOR = YES;
				GCC_WARN_UNINITIALIZED_AUTOS = YES_AGGRESSIVE;
				GCC_WARN_UNUSED_FUNCTION = YES;
				GCC_WARN_UNUSED_VARIABLE = YES;
				IPHONEOS_DEPLOYMENT_TARGET = 15.2;
				MTL_ENABLE_DEBUG_INFO = NO;
				MTL_FAST_MATH = YES;
				SDKROOT = iphoneos;
				SWIFT_COMPILATION_MODE = wholemodule;
				SWIFT_OPTIMIZATION_LEVEL = "-O";
				VALIDATE_PRODUCT = YES;
			};
			name = Release;
		};
		8DDB82622966EAC00038B1EC /* Debug */ = {
			isa = XCBuildConfiguration;
			buildSettings = {
				ASSETCATALOG_COMPILER_APPICON_NAME = AppIcon;
				ASSETCATALOG_COMPILER_GLOBAL_ACCENT_COLOR_NAME = AccentColor;
				CODE_SIGN_STYLE = Automatic;
				CURRENT_PROJECT_VERSION = 1;
				DEVELOPMENT_TEAM = 9A828DBKJV;
				GENERATE_INFOPLIST_FILE = YES;
				INFOPLIST_FILE = foodieList/Info.plist;
				INFOPLIST_KEY_NSCameraUsageDescription = "";
				INFOPLIST_KEY_UIApplicationSupportsIndirectInputEvents = YES;
				INFOPLIST_KEY_UILaunchStoryboardName = LaunchScreen;
				INFOPLIST_KEY_UIMainStoryboardFile = Main;
				INFOPLIST_KEY_UISupportedInterfaceOrientations_iPad = "UIInterfaceOrientationPortrait UIInterfaceOrientationPortraitUpsideDown UIInterfaceOrientationLandscapeLeft UIInterfaceOrientationLandscapeRight";
				INFOPLIST_KEY_UISupportedInterfaceOrientations_iPhone = "UIInterfaceOrientationPortrait UIInterfaceOrientationLandscapeLeft UIInterfaceOrientationLandscapeRight";
				IPHONEOS_DEPLOYMENT_TARGET = 15.2;
				LD_RUNPATH_SEARCH_PATHS = (
					"$(inherited)",
					"@executable_path/Frameworks",
				);
				MARKETING_VERSION = 1.0;
				PRODUCT_BUNDLE_IDENTIFIER = jubehuang.com.foodieList;
				PRODUCT_NAME = "$(TARGET_NAME)";
				SWIFT_EMIT_LOC_STRINGS = YES;
				SWIFT_VERSION = 5.0;
				TARGETED_DEVICE_FAMILY = "1,2";
			};
			name = Debug;
		};
		8DDB82632966EAC00038B1EC /* Release */ = {
			isa = XCBuildConfiguration;
			buildSettings = {
				ASSETCATALOG_COMPILER_APPICON_NAME = AppIcon;
				ASSETCATALOG_COMPILER_GLOBAL_ACCENT_COLOR_NAME = AccentColor;
				CODE_SIGN_STYLE = Automatic;
				CURRENT_PROJECT_VERSION = 1;
				DEVELOPMENT_TEAM = 9A828DBKJV;
				GENERATE_INFOPLIST_FILE = YES;
				INFOPLIST_FILE = foodieList/Info.plist;
				INFOPLIST_KEY_NSCameraUsageDescription = "";
				INFOPLIST_KEY_UIApplicationSupportsIndirectInputEvents = YES;
				INFOPLIST_KEY_UILaunchStoryboardName = LaunchScreen;
				INFOPLIST_KEY_UIMainStoryboardFile = Main;
				INFOPLIST_KEY_UISupportedInterfaceOrientations_iPad = "UIInterfaceOrientationPortrait UIInterfaceOrientationPortraitUpsideDown UIInterfaceOrientationLandscapeLeft UIInterfaceOrientationLandscapeRight";
				INFOPLIST_KEY_UISupportedInterfaceOrientations_iPhone = "UIInterfaceOrientationPortrait UIInterfaceOrientationLandscapeLeft UIInterfaceOrientationLandscapeRight";
				IPHONEOS_DEPLOYMENT_TARGET = 15.2;
				LD_RUNPATH_SEARCH_PATHS = (
					"$(inherited)",
					"@executable_path/Frameworks",
				);
				MARKETING_VERSION = 1.0;
				PRODUCT_BUNDLE_IDENTIFIER = jubehuang.com.foodieList;
				PRODUCT_NAME = "$(TARGET_NAME)";
				SWIFT_EMIT_LOC_STRINGS = YES;
				SWIFT_VERSION = 5.0;
				TARGETED_DEVICE_FAMILY = "1,2";
			};
			name = Release;
		};
/* End XCBuildConfiguration section */

/* Begin XCConfigurationList section */
		8DDB82482966EABE0038B1EC /* Build configuration list for PBXProject "foodieList" */ = {
			isa = XCConfigurationList;
			buildConfigurations = (
				8DDB825F2966EAC00038B1EC /* Debug */,
				8DDB82602966EAC00038B1EC /* Release */,
			);
			defaultConfigurationIsVisible = 0;
			defaultConfigurationName = Release;
		};
		8DDB82612966EAC00038B1EC /* Build configuration list for PBXNativeTarget "foodieList" */ = {
			isa = XCConfigurationList;
			buildConfigurations = (
				8DDB82622966EAC00038B1EC /* Debug */,
				8DDB82632966EAC00038B1EC /* Release */,
			);
			defaultConfigurationIsVisible = 0;
			defaultConfigurationName = Release;
		};
/* End XCConfigurationList section */
	};
	rootObject = 8DDB82452966EABE0038B1EC /* Project object */;
}
